
Microsoft Visual Studio Solution File, Format Version 12.00
# Visual Studio Version 16
VisualStudioVersion = 16.0.30011.22
MinimumVisualStudioVersion = 10.0.40219.1
Project("{FAE04EC0-301F-11D3-BF4B-00C04F79EFBC}") = "TrackerLibrary", "TrackerLibrary\TrackerLibrary.csproj", "{B5046356-1500-4A2D-8395-A1D6ADF1659D}"
EndProject
Project("{FAE04EC0-301F-11D3-BF4B-00C04F79EFBC}") = "TrackerUI", "TrackerUI\TrackerUI.csproj", "{40B50C10-EC60-46D3-BA0C-641942C2559A}"
EndProject
Global
	GlobalSection(SolutionConfigurationPlatforms) = preSolution
		Debug|Any CPU = Debug|Any CPU
		Release|Any CPU = Release|Any CPU
	EndGlobalSection
	GlobalSection(ProjectConfigurationPlatforms) = postSolution
		{B5046356-1500-4A2D-8395-A1D6ADF1659D}.Debug|Any CPU.ActiveCfg = Debug|Any CPU
		{B5046356-1500-4A2D-8395-A1D6ADF1659D}.Debug|Any CPU.Build.0 = Debug|Any CPU
		{B5046356-1500-4A2D-8395-A1D6ADF1659D}.Release|Any CPU.ActiveCfg = Release|Any CPU
		{B5046356-1500-4A2D-8395-A1D6ADF1659D}.Release|Any CPU.Build.0 = Release|Any CPU
		{40B50C10-EC60-46D3-BA0C-641942C2559A}.Debug|Any CPU.ActiveCfg = Debug|Any CPU
		{40B50C10-EC60-46D3-BA0C-641942C2559A}.Debug|Any CPU.Build.0 = Debug|Any CPU
		{40B50C10-EC60-46D3-BA0C-641942C2559A}.Release|Any CPU.ActiveCfg = Release|Any CPU
		{40B50C10-EC60-46D3-BA0C-641942C2559A}.Release|Any CPU.Build.0 = Release|Any CPU
	EndGlobalSection
	GlobalSection(SolutionProperties) = preSolution
		HideSolutionNode = FALSE
	EndGlobalSection
	GlobalSection(ExtensibilityGlobals) = postSolution
		SolutionGuid = {D2525B47-B4F6-4BD5-8F9C-536101227A5D}
	EndGlobalSection
EndGlobal
